
Microsoft Visual Studio Solution File, Format Version 10.00
# Visual Studio 2008
Project("{F184B08F-C81C-45F6-A57F-5ABD9991F28F}") = "COMOLE Automation documentation", "COMOLE Automation documentation\COMOLE Automation documentation.vbproj", "{6B7FADB5-E1EE-4471-B993-94D0B11C3078}"
EndProject
Global
	GlobalSection(SolutionConfigurationPlatforms) = preSolution
		Debug|Any CPU = Debug|Any CPU
		Release|Any CPU = Release|Any CPU
	EndGlobalSection
	GlobalSection(ProjectConfigurationPlatforms) = postSolution
		{6B7FADB5-E1EE-4471-B993-94D0B11C3078}.Debug|Any CPU.ActiveCfg = Debug|Any CPU
		{6B7FADB5-E1EE-4471-B993-94D0B11C3078}.Debug|Any CPU.Build.0 = Debug|Any CPU
		{6B7FADB5-E1EE-4471-B993-94D0B11C3078}.Release|Any CPU.ActiveCfg = Release|Any CPU
		{6B7FADB5-E1EE-4471-B993-94D0B11C3078}.Release|Any CPU.Build.0 = Release|Any CPU
	EndGlobalSection
	GlobalSection(SolutionProperties) = preSolution
		HideSolutionNode = FALSE
	EndGlobalSection
EndGlobal
